
Microsoft Visual Studio Solution File, Format Version 12.00
# Visual Studio Version 16
VisualStudioVersion = 16.0.31229.75
MinimumVisualStudioVersion = 10.0.40219.1
Project("{FAE04EC0-301F-11D3-BF4B-00C04F79EFBC}") = "M151_Spital_API", "M151_Spital_API\M151_Spital_API.csproj", "{7946D798-FEEF-434C-A374-4E64825F8738}"
EndProject
Project("{E53339B2-1760-4266-BCC7-CA923CBCF16C}") = "docker-compose", "docker-compose.dcproj", "{E274F2B6-6B55-49EB-8330-23AFDAA07846}"
EndProject
Global
	GlobalSection(SolutionConfigurationPlatforms) = preSolution
		Debug|Any CPU = Debug|Any CPU
		Release|Any CPU = Release|Any CPU
	EndGlobalSection
	GlobalSection(ProjectConfigurationPlatforms) = postSolution
		{7946D798-FEEF-434C-A374-4E64825F8738}.Debug|Any CPU.ActiveCfg = Debug|Any CPU
		{7946D798-FEEF-434C-A374-4E64825F8738}.Debug|Any CPU.Build.0 = Debug|Any CPU
		{7946D798-FEEF-434C-A374-4E64825F8738}.Release|Any CPU.ActiveCfg = Release|Any CPU
		{7946D798-FEEF-434C-A374-4E64825F8738}.Release|Any CPU.Build.0 = Release|Any CPU
		{E274F2B6-6B55-49EB-8330-23AFDAA07846}.Debug|Any CPU.ActiveCfg = Debug|Any CPU
		{E274F2B6-6B55-49EB-8330-23AFDAA07846}.Debug|Any CPU.Build.0 = Debug|Any CPU
		{E274F2B6-6B55-49EB-8330-23AFDAA07846}.Release|Any CPU.ActiveCfg = Release|Any CPU
		{E274F2B6-6B55-49EB-8330-23AFDAA07846}.Release|Any CPU.Build.0 = Release|Any CPU
	EndGlobalSection
	GlobalSection(SolutionProperties) = preSolution
		HideSolutionNode = FALSE
	EndGlobalSection
	GlobalSection(ExtensibilityGlobals) = postSolution
		SolutionGuid = {F635EF6B-E5D8-48D3-9B1D-915A154BC726}
	EndGlobalSection
EndGlobal
